
Microsoft Visual Studio Solution File, Format Version 12.00
# Visual Studio 15
VisualStudioVersion = 15.0.27004.2002
MinimumVisualStudioVersion = 10.0.40219.1
Project("{FAE04EC0-301F-11D3-BF4B-00C04F79EFBC}") = "Lab4_3", "Lab4_3\Lab4_3.csproj", "{89FDB93D-44D5-42E8-B154-36D304050295}"
EndProject
Global
	GlobalSection(SolutionConfigurationPlatforms) = preSolution
		Debug|Any CPU = Debug|Any CPU
		Release|Any CPU = Release|Any CPU
	EndGlobalSection
	GlobalSection(ProjectConfigurationPlatforms) = postSolution
		{89FDB93D-44D5-42E8-B154-36D304050295}.Debug|Any CPU.ActiveCfg = Debug|Any CPU
		{89FDB93D-44D5-42E8-B154-36D304050295}.Debug|Any CPU.Build.0 = Debug|Any CPU
		{89FDB93D-44D5-42E8-B154-36D304050295}.Release|Any CPU.ActiveCfg = Release|Any CPU
		{89FDB93D-44D5-42E8-B154-36D304050295}.Release|Any CPU.Build.0 = Release|Any CPU
	EndGlobalSection
	GlobalSection(SolutionProperties) = preSolution
		HideSolutionNode = FALSE
	EndGlobalSection
	GlobalSection(ExtensibilityGlobals) = postSolution
		SolutionGuid = {B1D55A65-7B6E-46D8-83EF-085F30A3F718}
	EndGlobalSection
EndGlobal
